# This file is automatically @generated by Poetry and should not be changed by hand.

[[package]]
name = "xdg"
version = "5.1.1"
description = "Variables defined by the XDG Base Directory Specification"
category = "main"
optional = false
python-versions = ">=3.6,<4.0"
files = [
    {file = "xdg-5.1.1-py3-none-any.whl", hash = "sha256:865a7b56ed1d4cd2fce2ead1eddf97360843619757f473cd90b75f1817ca541d"},
    {file = "xdg-5.1.1.tar.gz", hash = "sha256:aa619f26ccec6088b2a6018721d4ee86e602099b24644a90a8d3308a25acd06c"},
]

[metadata]
lock-version = "2.0"
python-versions = "^3.10"
content-hash = "08e542b96b28bf33fcda133cdc8b295f5a716571ad8aec01f0b03725d864fe52"
